
Microsoft Visual Studio Solution File, Format Version 12.00
# Visual Studio Version 16
VisualStudioVersion = 16.0.31321.278
MinimumVisualStudioVersion = 10.0.40219.1
Project("{8BC9CEB8-8B4A-11D0-8D11-00A0C91BC942}") = "first", "first\first.vcxproj", "{49307E37-3B69-4D40-BBFD-4689852711A6}"
EndProject
Global
	GlobalSection(SolutionConfigurationPlatforms) = preSolution
		Debug|x64 = Debug|x64
		Debug|x86 = Debug|x86
		Release|x64 = Release|x64
		Release|x86 = Release|x86
	EndGlobalSection
	GlobalSection(ProjectConfigurationPlatforms) = postSolution
		{49307E37-3B69-4D40-BBFD-4689852711A6}.Debug|x64.ActiveCfg = Debug|x64
		{49307E37-3B69-4D40-BBFD-4689852711A6}.Debug|x64.Build.0 = Debug|x64
		{49307E37-3B69-4D40-BBFD-4689852711A6}.Debug|x86.ActiveCfg = Debug|Win32
		{49307E37-3B69-4D40-BBFD-4689852711A6}.Debug|x86.Build.0 = Debug|Win32
		{49307E37-3B69-4D40-BBFD-4689852711A6}.Release|x64.ActiveCfg = Release|x64
		{49307E37-3B69-4D40-BBFD-4689852711A6}.Release|x64.Build.0 = Release|x64
		{49307E37-3B69-4D40-BBFD-4689852711A6}.Release|x86.ActiveCfg = Release|Win32
		{49307E37-3B69-4D40-BBFD-4689852711A6}.Release|x86.Build.0 = Release|Win32
	EndGlobalSection
	GlobalSection(SolutionProperties) = preSolution
		HideSolutionNode = FALSE
	EndGlobalSection
	GlobalSection(ExtensibilityGlobals) = postSolution
		SolutionGuid = {63E8F9FC-B8FF-44D4-BA3B-653617D53597}
	EndGlobalSection
EndGlobal
